
Microsoft Visual Studio Solution File, Format Version 12.00
# Visual Studio Version 17
VisualStudioVersion = 17.9.34728.123
MinimumVisualStudioVersion = 10.0.40219.1
Project("{FAE04EC0-301F-11D3-BF4B-00C04F79EFBC}") = "BankFlow", "BankFlow\BankFlow.csproj", "{9EA3B90C-8403-488E-8FCF-9031832EBE76}"
EndProject
Global
	GlobalSection(SolutionConfigurationPlatforms) = preSolution
		Debug|Any CPU = Debug|Any CPU
		Release|Any CPU = Release|Any CPU
	EndGlobalSection
	GlobalSection(ProjectConfigurationPlatforms) = postSolution
		{9EA3B90C-8403-488E-8FCF-9031832EBE76}.Debug|Any CPU.ActiveCfg = Debug|Any CPU
		{9EA3B90C-8403-488E-8FCF-9031832EBE76}.Debug|Any CPU.Build.0 = Debug|Any CPU
		{9EA3B90C-8403-488E-8FCF-9031832EBE76}.Release|Any CPU.ActiveCfg = Release|Any CPU
		{9EA3B90C-8403-488E-8FCF-9031832EBE76}.Release|Any CPU.Build.0 = Release|Any CPU
	EndGlobalSection
	GlobalSection(SolutionProperties) = preSolution
		HideSolutionNode = FALSE
	EndGlobalSection
	GlobalSection(ExtensibilityGlobals) = postSolution
		SolutionGuid = {C4ACE7E5-ED5A-4090-A53D-D853B2A8E70F}
	EndGlobalSection
EndGlobal
